
Microsoft Visual Studio Solution File, Format Version 12.00
# Visual Studio Version 17
VisualStudioVersion = 17.0.32112.339
MinimumVisualStudioVersion = 10.0.40219.1
Project("{FAE04EC0-301F-11D3-BF4B-00C04F79EFBC}") = "AbstractAssignment", "AbstractAssignment\AbstractAssignment.csproj", "{BDC973F5-C837-4E22-8DE6-443CB3E533B3}"
EndProject
Global
	GlobalSection(SolutionConfigurationPlatforms) = preSolution
		Debug|Any CPU = Debug|Any CPU
		Release|Any CPU = Release|Any CPU
	EndGlobalSection
	GlobalSection(ProjectConfigurationPlatforms) = postSolution
		{BDC973F5-C837-4E22-8DE6-443CB3E533B3}.Debug|Any CPU.ActiveCfg = Debug|Any CPU
		{BDC973F5-C837-4E22-8DE6-443CB3E533B3}.Debug|Any CPU.Build.0 = Debug|Any CPU
		{BDC973F5-C837-4E22-8DE6-443CB3E533B3}.Release|Any CPU.ActiveCfg = Release|Any CPU
		{BDC973F5-C837-4E22-8DE6-443CB3E533B3}.Release|Any CPU.Build.0 = Release|Any CPU
	EndGlobalSection
	GlobalSection(SolutionProperties) = preSolution
		HideSolutionNode = FALSE
	EndGlobalSection
	GlobalSection(ExtensibilityGlobals) = postSolution
		SolutionGuid = {2658DDEC-FFF5-4A10-880A-5E236DEB301A}
	EndGlobalSection
EndGlobal
